
Microsoft Visual Studio Solution File, Format Version 12.00
# Visual Studio Version 17
VisualStudioVersion = 17.10.35013.160
MinimumVisualStudioVersion = 10.0.40219.1
Project("{FAE04EC0-301F-11D3-BF4B-00C04F79EFBC}") = "GitHub_Practice_Project", "GitHub_Practice_Project\GitHub_Practice_Project.csproj", "{49A6301C-3F74-42FF-90DF-ABA4D05F5ADF}"
EndProject
Global
	GlobalSection(SolutionConfigurationPlatforms) = preSolution
		Debug|Any CPU = Debug|Any CPU
		Release|Any CPU = Release|Any CPU
	EndGlobalSection
	GlobalSection(ProjectConfigurationPlatforms) = postSolution
		{49A6301C-3F74-42FF-90DF-ABA4D05F5ADF}.Debug|Any CPU.ActiveCfg = Debug|Any CPU
		{49A6301C-3F74-42FF-90DF-ABA4D05F5ADF}.Debug|Any CPU.Build.0 = Debug|Any CPU
		{49A6301C-3F74-42FF-90DF-ABA4D05F5ADF}.Release|Any CPU.ActiveCfg = Release|Any CPU
		{49A6301C-3F74-42FF-90DF-ABA4D05F5ADF}.Release|Any CPU.Build.0 = Release|Any CPU
	EndGlobalSection
	GlobalSection(SolutionProperties) = preSolution
		HideSolutionNode = FALSE
	EndGlobalSection
	GlobalSection(ExtensibilityGlobals) = postSolution
		SolutionGuid = {861ACD36-57FE-4ECE-92D9-29F1497F21C9}
	EndGlobalSection
EndGlobal
